# This file was autogenerated by Stack.
# You should not edit this file by hand.
# For more information, please see the documentation at:
#   https://docs.haskellstack.org/en/stable/lock_files

packages:
- completed:
    hackage: epub-metadata-5.3@sha256:32599ce748a1e3ad626ff0e293b66fbaf51afc672d9afe6e3b3b38ed7ec06697,3460
    pantry-tree:
      sha256: a6a4a8a3925578ee833bf2035ca98878c66c7e7bd824571ce98d154828b32de8
      size: 3660
  original:
    hackage: epub-metadata-5.3
snapshots:
- completed:
    sha256: af5d667f6096e535b9c725a72cffe0f6c060e0568d9f9eeda04caee70d0d9d2d
    size: 649133
    url: https://raw.githubusercontent.com/commercialhaskell/stackage-snapshots/master/lts/20/12.yaml
  original: lts-20.12
