# This file was autogenerated by Stack.
# You should not edit this file by hand.
# For more information, please see the documentation at:
#   https://docs.haskellstack.org/en/stable/lock_files

packages:
- completed:
    hackage: epub-metadata-5.1@sha256:c04142a99c9c437bcef9b4ac7ad681bdbddd0a555583a68ef2cbf83bd49babe1,3460
    pantry-tree:
      sha256: 299c53341b5fd1e81d096bd9c9574a51b616224c43bd4d47d711afb92758c1c1
      size: 3659
  original:
    hackage: epub-metadata-5.1
snapshots:
- completed:
    sha256: af5d667f6096e535b9c725a72cffe0f6c060e0568d9f9eeda04caee70d0d9d2d
    size: 649133
    url: https://raw.githubusercontent.com/commercialhaskell/stackage-snapshots/master/lts/20/12.yaml
  original: lts-20.12
