# This file was autogenerated by Stack.
# You should not edit this file by hand.
# For more information, please see the documentation at:
#   https://docs.haskellstack.org/en/stable/lock_files

packages:
- completed:
    hackage: epub-metadata-5.4@sha256:92aa8f8c9dd711724c9e328c48fceb6dc8009af63185ec076b5378030e4d4ad1,3460
    pantry-tree:
      sha256: 60b6c563c23e493b524f4aed1b86ee20a58b6ba7ba2185cb4c6c47fc1c21d469
      size: 3660
  original:
    hackage: epub-metadata-5.4
snapshots:
- completed:
    sha256: af5d667f6096e535b9c725a72cffe0f6c060e0568d9f9eeda04caee70d0d9d2d
    size: 649133
    url: https://raw.githubusercontent.com/commercialhaskell/stackage-snapshots/master/lts/20/12.yaml
  original: lts-20.12
